
Microsoft Visual Studio Solution File, Format Version 12.00
# Visual Studio Version 17
VisualStudioVersion = 17.13.35825.156 d17.13
MinimumVisualStudioVersion = 10.0.40219.1
Project("{FAE04EC0-301F-11D3-BF4B-00C04F79EFBC}") = "MyFirstAPI", "MyFirstAPI\MyFirstAPI.csproj", "{F89A8E19-04D2-4C4E-950F-C8FA18F012E2}"
EndProject
Project("{FAE04EC0-301F-11D3-BF4B-00C04F79EFBC}") = "MyFirstAPI.Infrastructure", "MyFirstAPI.Infrastructure\MyFirstAPI.Infrastructure.csproj", "{74483DC9-C6AA-470B-8564-2C08C22FF104}"
EndProject
Global
	GlobalSection(SolutionConfigurationPlatforms) = preSolution
		Debug|Any CPU = Debug|Any CPU
		Release|Any CPU = Release|Any CPU
	EndGlobalSection
	GlobalSection(ProjectConfigurationPlatforms) = postSolution
		{F89A8E19-04D2-4C4E-950F-C8FA18F012E2}.Debug|Any CPU.ActiveCfg = Debug|Any CPU
		{F89A8E19-04D2-4C4E-950F-C8FA18F012E2}.Debug|Any CPU.Build.0 = Debug|Any CPU
		{F89A8E19-04D2-4C4E-950F-C8FA18F012E2}.Release|Any CPU.ActiveCfg = Release|Any CPU
		{F89A8E19-04D2-4C4E-950F-C8FA18F012E2}.Release|Any CPU.Build.0 = Release|Any CPU
		{74483DC9-C6AA-470B-8564-2C08C22FF104}.Debug|Any CPU.ActiveCfg = Debug|Any CPU
		{74483DC9-C6AA-470B-8564-2C08C22FF104}.Debug|Any CPU.Build.0 = Debug|Any CPU
		{74483DC9-C6AA-470B-8564-2C08C22FF104}.Release|Any CPU.ActiveCfg = Release|Any CPU
		{74483DC9-C6AA-470B-8564-2C08C22FF104}.Release|Any CPU.Build.0 = Release|Any CPU
	EndGlobalSection
	GlobalSection(SolutionProperties) = preSolution
		HideSolutionNode = FALSE
	EndGlobalSection
	GlobalSection(ExtensibilityGlobals) = postSolution
		SolutionGuid = {1B628F10-BEFB-4547-9FC8-0B8B5233879E}
	EndGlobalSection
EndGlobal
